{
  "name": "nested-data-replication",
  "version": "1.0.0",
  "lockfileVersion": 1,
  "requires": true,
  "dependencies": {
    "@jenselg/obj.js": {
      "version": "0.0.5",
      "resolved": "https://registry.npmjs.org/@jenselg/obj.js/-/obj.js-0.0.5.tgz",
      "integrity": "sha512-5owDlv4lqEZZVwcOEyrPPENkHJdhB8icL23ZrDIZdSqQP4ll6ZHLoj9wE0C8lHX93jS6nN6E+MTjAnsQAUUg1g=="
    },
    "faker": {
      "version": "4.1.0",
      "resolved": "https://registry.npmjs.org/faker/-/faker-4.1.0.tgz",
      "integrity": "sha1-HkW7vsxndLPBlfrSg1EJxtdIzD8="
    }
  }
}
